
Microsoft Visual Studio Solution File, Format Version 12.00
# Visual Studio Version 17
VisualStudioVersion = 17.7.34003.232
MinimumVisualStudioVersion = 10.0.40219.1
Project("{2150E333-8FDC-42A3-9474-1A3956D46DE8}") = "SingleResponsibilityPrinciple", "SingleResponsibilityPrinciple", "{722BEF05-4C81-4989-9754-87E545671F24}"
EndProject
Project("{9A19103F-16F7-4668-BE54-9A1E7A4F7556}") = "SRP_Demo_IamTimCorey", "SRP_Demo_IamTimCorey\SRP_Demo_IamTimCorey.csproj", "{8724D2DB-734D-4093-B8A8-31974C4107E3}"
EndProject
Project("{9A19103F-16F7-4668-BE54-9A1E7A4F7556}") = "OCP_Demo_IamTimCorey", "OCP_Demo_IamTimCorey\OCP_Demo_IamTimCorey.csproj", "{AC15B82B-F92B-4016-B69F-ABB5CD0ABFF1}"
EndProject
Project("{9A19103F-16F7-4668-BE54-9A1E7A4F7556}") = "OCP_ClassLibrary_IamTimCorey", "OCP_ClassLibrary_IamTimCorey\OCP_ClassLibrary_IamTimCorey.csproj", "{5BAF6427-5EB0-4430-AD26-B57CBD059585}"
EndProject
Project("{2150E333-8FDC-42A3-9474-1A3956D46DE8}") = "OpenClosedPrinciple", "OpenClosedPrinciple", "{217E2341-9D1E-43CD-8847-3970E5EEBAF3}"
EndProject
Project("{2150E333-8FDC-42A3-9474-1A3956D46DE8}") = "LiskovSubtitutionPrinciple", "LiskovSubtitutionPrinciple", "{1073E03B-456D-4EC3-AAE3-CC6941C1FA60}"
EndProject
Project("{9A19103F-16F7-4668-BE54-9A1E7A4F7556}") = "LSP_Demo_IamTimCorey", "LSP_Demo_IamTimCorey\LSP_Demo_IamTimCorey.csproj", "{E053B4D9-FD9D-40CA-8810-F3A8B2494E6F}"
EndProject
Project("{9A19103F-16F7-4668-BE54-9A1E7A4F7556}") = "LSP_ClassLibrary_IamTimCorey", "LSP_ClassLibrary_IamTimCorey\LSP_ClassLibrary_IamTimCorey.csproj", "{A94A1F9C-530D-47FD-827C-B10C30E63562}"
EndProject
Project("{9A19103F-16F7-4668-BE54-9A1E7A4F7556}") = "SDPbyCSharpCorner", "SDPbyCSharpCorner\SDPbyCSharpCorner.csproj", "{8F2F77EA-CF24-44C3-926B-77B32543F403}"
EndProject
Project("{2150E333-8FDC-42A3-9474-1A3956D46DE8}") = "SRPbyIamTimCorey", "SRPbyIamTimCorey", "{059B23CF-455A-47A9-B895-693DB70A3706}"
EndProject
Project("{2150E333-8FDC-42A3-9474-1A3956D46DE8}") = "OCPbyIamTimCorey", "OCPbyIamTimCorey", "{E9DEFFC0-1CC5-4F9F-A856-9F07F1F68572}"
EndProject
Project("{2150E333-8FDC-42A3-9474-1A3956D46DE8}") = "LSPbyIamTimCorey", "LSPbyIamTimCorey", "{5C7CD42E-3DEB-4536-981D-EC1BC43C48C9}"
EndProject
Project("{2150E333-8FDC-42A3-9474-1A3956D46DE8}") = "DesiggnPattern", "DesiggnPattern", "{86F0B24C-9776-4B0F-A1B7-9DE878839DC9}"
EndProject
Project("{2150E333-8FDC-42A3-9474-1A3956D46DE8}") = "SingletonDesignPattern", "SingletonDesignPattern", "{6F12B451-0E2D-4C55-B2F1-7AC9206655BF}"
EndProject
Project("{2150E333-8FDC-42A3-9474-1A3956D46DE8}") = "DesignPrinciple", "DesignPrinciple", "{F1D183A6-2B95-4A01-95EA-86DDBAA1B760}"
EndProject
Project("{2150E333-8FDC-42A3-9474-1A3956D46DE8}") = "OCPbyStackify", "OCPbyStackify", "{78A181EE-6486-4634-84A0-715D208CA08B}"
EndProject
Project("{9A19103F-16F7-4668-BE54-9A1E7A4F7556}") = "CoffeeMachine", "OCP_Stackify_Demo\CoffeeMachine.csproj", "{EE4E79A8-4979-48AB-9291-E1F4EB30C170}"
EndProject
Project("{2150E333-8FDC-42A3-9474-1A3956D46DE8}") = "OCPbyKudvenkat", "OCPbyKudvenkat", "{3C2B59C9-A71D-443B-91C8-C77FF55EBCC1}"
EndProject
Project("{9A19103F-16F7-4668-BE54-9A1E7A4F7556}") = "EmployeeBonusManagement", "EmployeeBonusManagement\EmployeeBonusManagement.csproj", "{5D54E78E-750B-4F11-A8D5-D113AB79FF11}"
EndProject
Project("{2150E333-8FDC-42A3-9474-1A3956D46DE8}") = "LSPbyKudvenkat", "LSPbyKudvenkat", "{94BEFB83-838A-4529-8D97-D9DF66010345}"
EndProject
Project("{9A19103F-16F7-4668-BE54-9A1E7A4F7556}") = "EmployeeBonusManagementLSP", "EmployeeBonusManagementLSP\EmployeeBonusManagementLSP.csproj", "{5AFB7DB3-64D3-4688-AB2F-52B1DFBA48F1}"
EndProject
Project("{2150E333-8FDC-42A3-9474-1A3956D46DE8}") = "InterfaceSegregationPrinciple", "InterfaceSegregationPrinciple", "{3A7EE916-D2D0-4245-9EAE-5E5572F707EF}"
EndProject
Project("{2150E333-8FDC-42A3-9474-1A3956D46DE8}") = "ISPbyIamTimCorey", "ISPbyIamTimCorey", "{AAC75970-03E4-4774-9D19-BA55332D335D}"
EndProject
Project("{9A19103F-16F7-4668-BE54-9A1E7A4F7556}") = "ISP_Demo_IAmTimCorey", "ISP_Demo_IAmTimCorey\ISP_Demo_IAmTimCorey.csproj", "{504C44B8-0DE2-4896-B788-AF19240DD046}"
EndProject
Project("{9A19103F-16F7-4668-BE54-9A1E7A4F7556}") = "ISP_ClassLibrary_IamTimCorey", "ISP_ClassLibrary_IamTimCorey\ISP_ClassLibrary_IamTimCorey.csproj", "{2BCB96BA-09AC-4093-A6F3-28CA7823227F}"
EndProject
Project("{2150E333-8FDC-42A3-9474-1A3956D46DE8}") = "DependencyInversionPrinciple", "DependencyInversionPrinciple", "{1A84AB43-096D-46AE-9635-DF2C9DC6D22C}"
EndProject
Project("{2150E333-8FDC-42A3-9474-1A3956D46DE8}") = "DIPbyIamTimCorey", "DIPbyIamTimCorey", "{7471C20F-5A2A-4239-A2E6-15AE0E091891}"
EndProject
Project("{9A19103F-16F7-4668-BE54-9A1E7A4F7556}") = "DIP_Demo_IamTimCorey", "DIP_Demo_IamTimCorey\DIP_Demo_IamTimCorey.csproj", "{BC432B1D-CCD3-4B79-B29C-B1524F08E157}"
EndProject
Project("{9A19103F-16F7-4668-BE54-9A1E7A4F7556}") = "DIP_ClassLibrary_IamTimCorey", "DIP_ClassLibrary_IamTimCorey\DIP_ClassLibrary_IamTimCorey.csproj", "{16D952ED-1838-4EED-98BC-ABCD7B931D19}"
EndProject
Project("{2150E333-8FDC-42A3-9474-1A3956D46DE8}") = "FactoryDesignPattern", "FactoryDesignPattern", "{6FE22606-305B-4AC4-A983-63A9B9385409}"
EndProject
Project("{2150E333-8FDC-42A3-9474-1A3956D46DE8}") = "FDPbyIamTimCorey", "FDPbyIamTimCorey", "{E64B3482-BCF0-47B0-A8A5-FAE420BEA8C2}"
EndProject
Project("{9A19103F-16F7-4668-BE54-9A1E7A4F7556}") = "FactoryPatternbyIAmTimCorey", "FactoryPatternbyIAmTimCorey\FactoryPatternbyIAmTimCorey.csproj", "{95972696-3F2C-460E-B255-A6FEDA83FC1D}"
EndProject
Project("{9A19103F-16F7-4668-BE54-9A1E7A4F7556}") = "FactoryPatternWebAPIByIAmTimCorey", "FactoryPatternWebAPIByIAmTimCorey\FactoryPatternWebAPIByIAmTimCorey.csproj", "{BF11616A-4946-49BE-9E14-8172C718DD69}"
EndProject
Project("{2150E333-8FDC-42A3-9474-1A3956D46DE8}") = "FDPby_compbelltech", "FDPby_compbelltech", "{39E8C5CA-02D5-4C13-9FCF-36E0AEC6B298}"
EndProject
Project("{9A19103F-16F7-4668-BE54-9A1E7A4F7556}") = "FDPby_campbelltech", "FDPby_campbelltech\FDPby_campbelltech.csproj", "{5CF54FB8-797E-4234-BFED-25D802CFA363}"
EndProject
Project("{9A19103F-16F7-4668-BE54-9A1E7A4F7556}") = "AbstructFactoryDPby_compbelltech", "AbstructFactoryDPby_compbelltech\AbstructFactoryDPby_compbelltech.csproj", "{509D8274-C638-45F0-8D65-9C2F064CAC7C}"
EndProject
Project("{2150E333-8FDC-42A3-9474-1A3956D46DE8}") = "DependencyInjectionby_IamTimCorey", "DependencyInjectionby_IamTimCorey", "{11E2BD65-ADB5-4DEF-99CD-AB3D8EF8F835}"
EndProject
Project("{9A19103F-16F7-4668-BE54-9A1E7A4F7556}") = "DIby_IAmTimCorey", "DIby_IAmTimCorey\DIby_IAmTimCorey.csproj", "{73D47E77-B9F5-40CC-A2D7-C04F3AF57742}"
EndProject
Project("{2150E333-8FDC-42A3-9474-1A3956D46DE8}") = "FDPbyGFG", "FDPbyGFG", "{ED9E0935-A28C-44E9-B8AE-8AEEDBB62E24}"
EndProject
Project("{9A19103F-16F7-4668-BE54-9A1E7A4F7556}") = "FactoryDesignPatternByGFG", "FactoryDesignPatternByGFG\FactoryDesignPatternByGFG.csproj", "{C7B54384-7171-4EE1-ABC7-89AD064BEEA1}"
EndProject
Project("{2150E333-8FDC-42A3-9474-1A3956D46DE8}") = "BuilderDesignPattern", "BuilderDesignPattern", "{5F27C6FB-8EB0-4DEF-B648-0E3E443E4288}"
EndProject
Project("{2150E333-8FDC-42A3-9474-1A3956D46DE8}") = "BDPbySudoCODE", "BDPbySudoCODE", "{17A39256-C4D5-45EB-BE66-FE9B56820307}"
EndProject
Project("{9A19103F-16F7-4668-BE54-9A1E7A4F7556}") = "BuilderDesignPatternBySudoCODE", "BuilderDesignPatternBySudoCODE\BuilderDesignPatternBySudoCODE.csproj", "{5C3BE5DB-6546-474B-90F0-81CD15847795}"
EndProject
Project("{2150E333-8FDC-42A3-9474-1A3956D46DE8}") = "PrototypeDesignPattern", "PrototypeDesignPattern", "{5074F299-B947-4C28-9D4D-14A26446404B}"
EndProject
Project("{2150E333-8FDC-42A3-9474-1A3956D46DE8}") = "PDPByGeekific", "PDPByGeekific", "{B7F4D81C-68C2-4788-83B6-BE99B2033817}"
EndProject
Project("{9A19103F-16F7-4668-BE54-9A1E7A4F7556}") = "PrototypeDesignPatternByGeekific", "PrototypeDesignPatternByGeekific\PrototypeDesignPatternByGeekific.csproj", "{E4EFCDD3-478B-437E-862E-80B179D855D4}"
EndProject
Project("{9A19103F-16F7-4668-BE54-9A1E7A4F7556}") = "SingletonDesignPatternByGFG", "SingletonDesignPatternByGFG\SingletonDesignPatternByGFG.csproj", "{9E37C7D6-4986-4F46-A2E0-B25BC6F25E32}"
EndProject
Project("{2150E333-8FDC-42A3-9474-1A3956D46DE8}") = "MediatorDesignPattern", "MediatorDesignPattern", "{6DB00A2F-93CC-4259-B295-86A3D403B1D1}"
EndProject
Project("{2150E333-8FDC-42A3-9474-1A3956D46DE8}") = "MDPbyRowCoding", "MDPbyRowCoding", "{5744AF78-44CA-4E79-B524-5E9B6E409DAD}"
EndProject
Project("{9A19103F-16F7-4668-BE54-9A1E7A4F7556}") = "MediatorDesignPatternByRowCoding", "MediatorDesignPatternByRowCoding\MediatorDesignPatternByRowCoding.csproj", "{6E908F90-06C8-4A27-966C-AC8376440E00}"
EndProject
Project("{2150E333-8FDC-42A3-9474-1A3956D46DE8}") = "AdapterDesignPattern", "AdapterDesignPattern", "{B75733FB-9C0E-464F-B0AC-4480784B8D63}"
EndProject
Project("{2150E333-8FDC-42A3-9474-1A3956D46DE8}") = "ADPbyGFG", "ADPbyGFG", "{CFEA0D3B-23DC-48C3-B673-BC234CB1DE3E}"
EndProject
Project("{9A19103F-16F7-4668-BE54-9A1E7A4F7556}") = "AdopterDesignPatternByGFG", "AdopterDesignPatternByGFG\AdopterDesignPatternByGFG.csproj", "{6779EBB2-6B9C-469E-B61C-51626ACCA333}"
EndProject
Project("{2150E333-8FDC-42A3-9474-1A3956D46DE8}") = "BridgeDesignPattern", "BridgeDesignPattern", "{8BD7F670-ACEA-45E8-8C47-E62B209393EE}"
EndProject
Project("{2150E333-8FDC-42A3-9474-1A3956D46DE8}") = "BDPbyGFG", "BDPbyGFG", "{23083254-F170-4DAE-9E86-86DE1CAD0A72}"
EndProject
Project("{9A19103F-16F7-4668-BE54-9A1E7A4F7556}") = "BridgeDesignPatternByGFG", "BridgeDesignPatternByGFG\BridgeDesignPatternByGFG.csproj", "{BF14244E-4EFF-4988-9424-878A37F8D918}"
EndProject
Project("{2150E333-8FDC-42A3-9474-1A3956D46DE8}") = "BDPbyTutorialsPoint", "BDPbyTutorialsPoint", "{76F24438-FDE0-45E2-B66E-6DD0F3D6C531}"
EndProject
Project("{9A19103F-16F7-4668-BE54-9A1E7A4F7556}") = "BridgeDesignPatternByTutorialsPoint", "BridgeDesignPatternByTutorialsPoint\BridgeDesignPatternByTutorialsPoint.csproj", "{E1BAD2C8-0395-4491-9058-0FC157866641}"
EndProject
Project("{2150E333-8FDC-42A3-9474-1A3956D46DE8}") = "CompositDesignPattern", "CompositDesignPattern", "{BBD6E774-3BBF-4EDE-8F5A-0ADE2946AC36}"
EndProject
Project("{2150E333-8FDC-42A3-9474-1A3956D46DE8}") = "CDPbyGFG", "CDPbyGFG", "{C1C660DA-A36F-4601-85B1-5542A83BD307}"
EndProject
Project("{FAE04EC0-301F-11D3-BF4B-00C04F79EFBC}") = "CompositeDesignPatternByGFG", "CompositeDesignPatternByGFG\CompositeDesignPatternByGFG.csproj", "{3D4ED5C7-4C10-464D-98B8-B8E5E0FEDC20}"
EndProject
Global
	GlobalSection(SolutionConfigurationPlatforms) = preSolution
		Debug|Any CPU = Debug|Any CPU
		Release|Any CPU = Release|Any CPU
	EndGlobalSection
	GlobalSection(ProjectConfigurationPlatforms) = postSolution
		{8724D2DB-734D-4093-B8A8-31974C4107E3}.Debug|Any CPU.ActiveCfg = Debug|Any CPU
		{8724D2DB-734D-4093-B8A8-31974C4107E3}.Debug|Any CPU.Build.0 = Debug|Any CPU
		{8724D2DB-734D-4093-B8A8-31974C4107E3}.Release|Any CPU.ActiveCfg = Release|Any CPU
		{8724D2DB-734D-4093-B8A8-31974C4107E3}.Release|Any CPU.Build.0 = Release|Any CPU
		{AC15B82B-F92B-4016-B69F-ABB5CD0ABFF1}.Debug|Any CPU.ActiveCfg = Debug|Any CPU
		{AC15B82B-F92B-4016-B69F-ABB5CD0ABFF1}.Debug|Any CPU.Build.0 = Debug|Any CPU
		{AC15B82B-F92B-4016-B69F-ABB5CD0ABFF1}.Release|Any CPU.ActiveCfg = Release|Any CPU
		{AC15B82B-F92B-4016-B69F-ABB5CD0ABFF1}.Release|Any CPU.Build.0 = Release|Any CPU
		{5BAF6427-5EB0-4430-AD26-B57CBD059585}.Debug|Any CPU.ActiveCfg = Debug|Any CPU
		{5BAF6427-5EB0-4430-AD26-B57CBD059585}.Debug|Any CPU.Build.0 = Debug|Any CPU
		{5BAF6427-5EB0-4430-AD26-B57CBD059585}.Release|Any CPU.ActiveCfg = Release|Any CPU
		{5BAF6427-5EB0-4430-AD26-B57CBD059585}.Release|Any CPU.Build.0 = Release|Any CPU
		{E053B4D9-FD9D-40CA-8810-F3A8B2494E6F}.Debug|Any CPU.ActiveCfg = Debug|Any CPU
		{E053B4D9-FD9D-40CA-8810-F3A8B2494E6F}.Debug|Any CPU.Build.0 = Debug|Any CPU
		{E053B4D9-FD9D-40CA-8810-F3A8B2494E6F}.Release|Any CPU.ActiveCfg = Release|Any CPU
		{E053B4D9-FD9D-40CA-8810-F3A8B2494E6F}.Release|Any CPU.Build.0 = Release|Any CPU
		{A94A1F9C-530D-47FD-827C-B10C30E63562}.Debug|Any CPU.ActiveCfg = Debug|Any CPU
		{A94A1F9C-530D-47FD-827C-B10C30E63562}.Debug|Any CPU.Build.0 = Debug|Any CPU
		{A94A1F9C-530D-47FD-827C-B10C30E63562}.Release|Any CPU.ActiveCfg = Release|Any CPU
		{A94A1F9C-530D-47FD-827C-B10C30E63562}.Release|Any CPU.Build.0 = Release|Any CPU
		{8F2F77EA-CF24-44C3-926B-77B32543F403}.Debug|Any CPU.ActiveCfg = Debug|Any CPU
		{8F2F77EA-CF24-44C3-926B-77B32543F403}.Debug|Any CPU.Build.0 = Debug|Any CPU
		{8F2F77EA-CF24-44C3-926B-77B32543F403}.Release|Any CPU.ActiveCfg = Release|Any CPU
		{8F2F77EA-CF24-44C3-926B-77B32543F403}.Release|Any CPU.Build.0 = Release|Any CPU
		{EE4E79A8-4979-48AB-9291-E1F4EB30C170}.Debug|Any CPU.ActiveCfg = Debug|Any CPU
		{EE4E79A8-4979-48AB-9291-E1F4EB30C170}.Debug|Any CPU.Build.0 = Debug|Any CPU
		{EE4E79A8-4979-48AB-9291-E1F4EB30C170}.Release|Any CPU.ActiveCfg = Release|Any CPU
		{EE4E79A8-4979-48AB-9291-E1F4EB30C170}.Release|Any CPU.Build.0 = Release|Any CPU
		{5D54E78E-750B-4F11-A8D5-D113AB79FF11}.Debug|Any CPU.ActiveCfg = Debug|Any CPU
		{5D54E78E-750B-4F11-A8D5-D113AB79FF11}.Debug|Any CPU.Build.0 = Debug|Any CPU
		{5D54E78E-750B-4F11-A8D5-D113AB79FF11}.Release|Any CPU.ActiveCfg = Release|Any CPU
		{5D54E78E-750B-4F11-A8D5-D113AB79FF11}.Release|Any CPU.Build.0 = Release|Any CPU
		{5AFB7DB3-64D3-4688-AB2F-52B1DFBA48F1}.Debug|Any CPU.ActiveCfg = Debug|Any CPU
		{5AFB7DB3-64D3-4688-AB2F-52B1DFBA48F1}.Debug|Any CPU.Build.0 = Debug|Any CPU
		{5AFB7DB3-64D3-4688-AB2F-52B1DFBA48F1}.Release|Any CPU.ActiveCfg = Release|Any CPU
		{5AFB7DB3-64D3-4688-AB2F-52B1DFBA48F1}.Release|Any CPU.Build.0 = Release|Any CPU
		{504C44B8-0DE2-4896-B788-AF19240DD046}.Debug|Any CPU.ActiveCfg = Debug|Any CPU
		{504C44B8-0DE2-4896-B788-AF19240DD046}.Debug|Any CPU.Build.0 = Debug|Any CPU
		{504C44B8-0DE2-4896-B788-AF19240DD046}.Release|Any CPU.ActiveCfg = Release|Any CPU
		{504C44B8-0DE2-4896-B788-AF19240DD046}.Release|Any CPU.Build.0 = Release|Any CPU
		{2BCB96BA-09AC-4093-A6F3-28CA7823227F}.Debug|Any CPU.ActiveCfg = Debug|Any CPU
		{2BCB96BA-09AC-4093-A6F3-28CA7823227F}.Debug|Any CPU.Build.0 = Debug|Any CPU
		{2BCB96BA-09AC-4093-A6F3-28CA7823227F}.Release|Any CPU.ActiveCfg = Release|Any CPU
		{2BCB96BA-09AC-4093-A6F3-28CA7823227F}.Release|Any CPU.Build.0 = Release|Any CPU
		{BC432B1D-CCD3-4B79-B29C-B1524F08E157}.Debug|Any CPU.ActiveCfg = Debug|Any CPU
		{BC432B1D-CCD3-4B79-B29C-B1524F08E157}.Debug|Any CPU.Build.0 = Debug|Any CPU
		{BC432B1D-CCD3-4B79-B29C-B1524F08E157}.Release|Any CPU.ActiveCfg = Release|Any CPU
		{BC432B1D-CCD3-4B79-B29C-B1524F08E157}.Release|Any CPU.Build.0 = Release|Any CPU
		{16D952ED-1838-4EED-98BC-ABCD7B931D19}.Debug|Any CPU.ActiveCfg = Debug|Any CPU
		{16D952ED-1838-4EED-98BC-ABCD7B931D19}.Debug|Any CPU.Build.0 = Debug|Any CPU
		{16D952ED-1838-4EED-98BC-ABCD7B931D19}.Release|Any CPU.ActiveCfg = Release|Any CPU
		{16D952ED-1838-4EED-98BC-ABCD7B931D19}.Release|Any CPU.Build.0 = Release|Any CPU
		{95972696-3F2C-460E-B255-A6FEDA83FC1D}.Debug|Any CPU.ActiveCfg = Debug|Any CPU
		{95972696-3F2C-460E-B255-A6FEDA83FC1D}.Debug|Any CPU.Build.0 = Debug|Any CPU
		{95972696-3F2C-460E-B255-A6FEDA83FC1D}.Release|Any CPU.ActiveCfg = Release|Any CPU
		{95972696-3F2C-460E-B255-A6FEDA83FC1D}.Release|Any CPU.Build.0 = Release|Any CPU
		{BF11616A-4946-49BE-9E14-8172C718DD69}.Debug|Any CPU.ActiveCfg = Debug|Any CPU
		{BF11616A-4946-49BE-9E14-8172C718DD69}.Debug|Any CPU.Build.0 = Debug|Any CPU
		{BF11616A-4946-49BE-9E14-8172C718DD69}.Release|Any CPU.ActiveCfg = Release|Any CPU
		{BF11616A-4946-49BE-9E14-8172C718DD69}.Release|Any CPU.Build.0 = Release|Any CPU
		{5CF54FB8-797E-4234-BFED-25D802CFA363}.Debug|Any CPU.ActiveCfg = Debug|Any CPU
		{5CF54FB8-797E-4234-BFED-25D802CFA363}.Debug|Any CPU.Build.0 = Debug|Any CPU
		{5CF54FB8-797E-4234-BFED-25D802CFA363}.Release|Any CPU.ActiveCfg = Release|Any CPU
		{5CF54FB8-797E-4234-BFED-25D802CFA363}.Release|Any CPU.Build.0 = Release|Any CPU
		{509D8274-C638-45F0-8D65-9C2F064CAC7C}.Debug|Any CPU.ActiveCfg = Debug|Any CPU
		{509D8274-C638-45F0-8D65-9C2F064CAC7C}.Debug|Any CPU.Build.0 = Debug|Any CPU
		{509D8274-C638-45F0-8D65-9C2F064CAC7C}.Release|Any CPU.ActiveCfg = Release|Any CPU
		{509D8274-C638-45F0-8D65-9C2F064CAC7C}.Release|Any CPU.Build.0 = Release|Any CPU
		{73D47E77-B9F5-40CC-A2D7-C04F3AF57742}.Debug|Any CPU.ActiveCfg = Debug|Any CPU
		{73D47E77-B9F5-40CC-A2D7-C04F3AF57742}.Debug|Any CPU.Build.0 = Debug|Any CPU
		{73D47E77-B9F5-40CC-A2D7-C04F3AF57742}.Release|Any CPU.ActiveCfg = Release|Any CPU
		{73D47E77-B9F5-40CC-A2D7-C04F3AF57742}.Release|Any CPU.Build.0 = Release|Any CPU
		{C7B54384-7171-4EE1-ABC7-89AD064BEEA1}.Debug|Any CPU.ActiveCfg = Debug|Any CPU
		{C7B54384-7171-4EE1-ABC7-89AD064BEEA1}.Debug|Any CPU.Build.0 = Debug|Any CPU
		{C7B54384-7171-4EE1-ABC7-89AD064BEEA1}.Release|Any CPU.ActiveCfg = Release|Any CPU
		{C7B54384-7171-4EE1-ABC7-89AD064BEEA1}.Release|Any CPU.Build.0 = Release|Any CPU
		{5C3BE5DB-6546-474B-90F0-81CD15847795}.Debug|Any CPU.ActiveCfg = Debug|Any CPU
		{5C3BE5DB-6546-474B-90F0-81CD15847795}.Debug|Any CPU.Build.0 = Debug|Any CPU
		{5C3BE5DB-6546-474B-90F0-81CD15847795}.Release|Any CPU.ActiveCfg = Release|Any CPU
		{5C3BE5DB-6546-474B-90F0-81CD15847795}.Release|Any CPU.Build.0 = Release|Any CPU
		{E4EFCDD3-478B-437E-862E-80B179D855D4}.Debug|Any CPU.ActiveCfg = Debug|Any CPU
		{E4EFCDD3-478B-437E-862E-80B179D855D4}.Debug|Any CPU.Build.0 = Debug|Any CPU
		{E4EFCDD3-478B-437E-862E-80B179D855D4}.Release|Any CPU.ActiveCfg = Release|Any CPU
		{E4EFCDD3-478B-437E-862E-80B179D855D4}.Release|Any CPU.Build.0 = Release|Any CPU
		{9E37C7D6-4986-4F46-A2E0-B25BC6F25E32}.Debug|Any CPU.ActiveCfg = Debug|Any CPU
		{9E37C7D6-4986-4F46-A2E0-B25BC6F25E32}.Debug|Any CPU.Build.0 = Debug|Any CPU
		{9E37C7D6-4986-4F46-A2E0-B25BC6F25E32}.Release|Any CPU.ActiveCfg = Release|Any CPU
		{9E37C7D6-4986-4F46-A2E0-B25BC6F25E32}.Release|Any CPU.Build.0 = Release|Any CPU
		{6E908F90-06C8-4A27-966C-AC8376440E00}.Debug|Any CPU.ActiveCfg = Debug|Any CPU
		{6E908F90-06C8-4A27-966C-AC8376440E00}.Debug|Any CPU.Build.0 = Debug|Any CPU
		{6E908F90-06C8-4A27-966C-AC8376440E00}.Release|Any CPU.ActiveCfg = Release|Any CPU
		{6E908F90-06C8-4A27-966C-AC8376440E00}.Release|Any CPU.Build.0 = Release|Any CPU
		{6779EBB2-6B9C-469E-B61C-51626ACCA333}.Debug|Any CPU.ActiveCfg = Debug|Any CPU
		{6779EBB2-6B9C-469E-B61C-51626ACCA333}.Debug|Any CPU.Build.0 = Debug|Any CPU
		{6779EBB2-6B9C-469E-B61C-51626ACCA333}.Release|Any CPU.ActiveCfg = Release|Any CPU
		{6779EBB2-6B9C-469E-B61C-51626ACCA333}.Release|Any CPU.Build.0 = Release|Any CPU
		{BF14244E-4EFF-4988-9424-878A37F8D918}.Debug|Any CPU.ActiveCfg = Debug|Any CPU
		{BF14244E-4EFF-4988-9424-878A37F8D918}.Debug|Any CPU.Build.0 = Debug|Any CPU
		{BF14244E-4EFF-4988-9424-878A37F8D918}.Release|Any CPU.ActiveCfg = Release|Any CPU
		{BF14244E-4EFF-4988-9424-878A37F8D918}.Release|Any CPU.Build.0 = Release|Any CPU
		{E1BAD2C8-0395-4491-9058-0FC157866641}.Debug|Any CPU.ActiveCfg = Debug|Any CPU
		{E1BAD2C8-0395-4491-9058-0FC157866641}.Debug|Any CPU.Build.0 = Debug|Any CPU
		{E1BAD2C8-0395-4491-9058-0FC157866641}.Release|Any CPU.ActiveCfg = Release|Any CPU
		{E1BAD2C8-0395-4491-9058-0FC157866641}.Release|Any CPU.Build.0 = Release|Any CPU
		{3D4ED5C7-4C10-464D-98B8-B8E5E0FEDC20}.Debug|Any CPU.ActiveCfg = Debug|Any CPU
		{3D4ED5C7-4C10-464D-98B8-B8E5E0FEDC20}.Debug|Any CPU.Build.0 = Debug|Any CPU
		{3D4ED5C7-4C10-464D-98B8-B8E5E0FEDC20}.Release|Any CPU.ActiveCfg = Release|Any CPU
		{3D4ED5C7-4C10-464D-98B8-B8E5E0FEDC20}.Release|Any CPU.Build.0 = Release|Any CPU
	EndGlobalSection
	GlobalSection(SolutionProperties) = preSolution
		HideSolutionNode = FALSE
	EndGlobalSection
	GlobalSection(NestedProjects) = preSolution
		{722BEF05-4C81-4989-9754-87E545671F24} = {F1D183A6-2B95-4A01-95EA-86DDBAA1B760}
		{8724D2DB-734D-4093-B8A8-31974C4107E3} = {059B23CF-455A-47A9-B895-693DB70A3706}
		{AC15B82B-F92B-4016-B69F-ABB5CD0ABFF1} = {E9DEFFC0-1CC5-4F9F-A856-9F07F1F68572}
		{5BAF6427-5EB0-4430-AD26-B57CBD059585} = {E9DEFFC0-1CC5-4F9F-A856-9F07F1F68572}
		{217E2341-9D1E-43CD-8847-3970E5EEBAF3} = {F1D183A6-2B95-4A01-95EA-86DDBAA1B760}
		{1073E03B-456D-4EC3-AAE3-CC6941C1FA60} = {F1D183A6-2B95-4A01-95EA-86DDBAA1B760}
		{E053B4D9-FD9D-40CA-8810-F3A8B2494E6F} = {5C7CD42E-3DEB-4536-981D-EC1BC43C48C9}
		{A94A1F9C-530D-47FD-827C-B10C30E63562} = {5C7CD42E-3DEB-4536-981D-EC1BC43C48C9}
		{8F2F77EA-CF24-44C3-926B-77B32543F403} = {6F12B451-0E2D-4C55-B2F1-7AC9206655BF}
		{059B23CF-455A-47A9-B895-693DB70A3706} = {722BEF05-4C81-4989-9754-87E545671F24}
		{E9DEFFC0-1CC5-4F9F-A856-9F07F1F68572} = {217E2341-9D1E-43CD-8847-3970E5EEBAF3}
		{5C7CD42E-3DEB-4536-981D-EC1BC43C48C9} = {1073E03B-456D-4EC3-AAE3-CC6941C1FA60}
		{6F12B451-0E2D-4C55-B2F1-7AC9206655BF} = {86F0B24C-9776-4B0F-A1B7-9DE878839DC9}
		{78A181EE-6486-4634-84A0-715D208CA08B} = {217E2341-9D1E-43CD-8847-3970E5EEBAF3}
		{EE4E79A8-4979-48AB-9291-E1F4EB30C170} = {78A181EE-6486-4634-84A0-715D208CA08B}
		{3C2B59C9-A71D-443B-91C8-C77FF55EBCC1} = {217E2341-9D1E-43CD-8847-3970E5EEBAF3}
		{5D54E78E-750B-4F11-A8D5-D113AB79FF11} = {3C2B59C9-A71D-443B-91C8-C77FF55EBCC1}
		{94BEFB83-838A-4529-8D97-D9DF66010345} = {1073E03B-456D-4EC3-AAE3-CC6941C1FA60}
		{5AFB7DB3-64D3-4688-AB2F-52B1DFBA48F1} = {94BEFB83-838A-4529-8D97-D9DF66010345}
		{3A7EE916-D2D0-4245-9EAE-5E5572F707EF} = {F1D183A6-2B95-4A01-95EA-86DDBAA1B760}
		{AAC75970-03E4-4774-9D19-BA55332D335D} = {3A7EE916-D2D0-4245-9EAE-5E5572F707EF}
		{504C44B8-0DE2-4896-B788-AF19240DD046} = {AAC75970-03E4-4774-9D19-BA55332D335D}
		{2BCB96BA-09AC-4093-A6F3-28CA7823227F} = {AAC75970-03E4-4774-9D19-BA55332D335D}
		{1A84AB43-096D-46AE-9635-DF2C9DC6D22C} = {F1D183A6-2B95-4A01-95EA-86DDBAA1B760}
		{7471C20F-5A2A-4239-A2E6-15AE0E091891} = {1A84AB43-096D-46AE-9635-DF2C9DC6D22C}
		{BC432B1D-CCD3-4B79-B29C-B1524F08E157} = {7471C20F-5A2A-4239-A2E6-15AE0E091891}
		{16D952ED-1838-4EED-98BC-ABCD7B931D19} = {7471C20F-5A2A-4239-A2E6-15AE0E091891}
		{6FE22606-305B-4AC4-A983-63A9B9385409} = {86F0B24C-9776-4B0F-A1B7-9DE878839DC9}
		{E64B3482-BCF0-47B0-A8A5-FAE420BEA8C2} = {6FE22606-305B-4AC4-A983-63A9B9385409}
		{95972696-3F2C-460E-B255-A6FEDA83FC1D} = {E64B3482-BCF0-47B0-A8A5-FAE420BEA8C2}
		{BF11616A-4946-49BE-9E14-8172C718DD69} = {E64B3482-BCF0-47B0-A8A5-FAE420BEA8C2}
		{39E8C5CA-02D5-4C13-9FCF-36E0AEC6B298} = {6FE22606-305B-4AC4-A983-63A9B9385409}
		{5CF54FB8-797E-4234-BFED-25D802CFA363} = {39E8C5CA-02D5-4C13-9FCF-36E0AEC6B298}
		{509D8274-C638-45F0-8D65-9C2F064CAC7C} = {39E8C5CA-02D5-4C13-9FCF-36E0AEC6B298}
		{11E2BD65-ADB5-4DEF-99CD-AB3D8EF8F835} = {1A84AB43-096D-46AE-9635-DF2C9DC6D22C}
		{73D47E77-B9F5-40CC-A2D7-C04F3AF57742} = {11E2BD65-ADB5-4DEF-99CD-AB3D8EF8F835}
		{ED9E0935-A28C-44E9-B8AE-8AEEDBB62E24} = {6FE22606-305B-4AC4-A983-63A9B9385409}
		{C7B54384-7171-4EE1-ABC7-89AD064BEEA1} = {ED9E0935-A28C-44E9-B8AE-8AEEDBB62E24}
		{5F27C6FB-8EB0-4DEF-B648-0E3E443E4288} = {86F0B24C-9776-4B0F-A1B7-9DE878839DC9}
		{17A39256-C4D5-45EB-BE66-FE9B56820307} = {5F27C6FB-8EB0-4DEF-B648-0E3E443E4288}
		{5C3BE5DB-6546-474B-90F0-81CD15847795} = {17A39256-C4D5-45EB-BE66-FE9B56820307}
		{5074F299-B947-4C28-9D4D-14A26446404B} = {86F0B24C-9776-4B0F-A1B7-9DE878839DC9}
		{B7F4D81C-68C2-4788-83B6-BE99B2033817} = {5074F299-B947-4C28-9D4D-14A26446404B}
		{E4EFCDD3-478B-437E-862E-80B179D855D4} = {B7F4D81C-68C2-4788-83B6-BE99B2033817}
		{9E37C7D6-4986-4F46-A2E0-B25BC6F25E32} = {6F12B451-0E2D-4C55-B2F1-7AC9206655BF}
		{6DB00A2F-93CC-4259-B295-86A3D403B1D1} = {86F0B24C-9776-4B0F-A1B7-9DE878839DC9}
		{5744AF78-44CA-4E79-B524-5E9B6E409DAD} = {6DB00A2F-93CC-4259-B295-86A3D403B1D1}
		{6E908F90-06C8-4A27-966C-AC8376440E00} = {5744AF78-44CA-4E79-B524-5E9B6E409DAD}
		{B75733FB-9C0E-464F-B0AC-4480784B8D63} = {86F0B24C-9776-4B0F-A1B7-9DE878839DC9}
		{CFEA0D3B-23DC-48C3-B673-BC234CB1DE3E} = {B75733FB-9C0E-464F-B0AC-4480784B8D63}
		{6779EBB2-6B9C-469E-B61C-51626ACCA333} = {CFEA0D3B-23DC-48C3-B673-BC234CB1DE3E}
		{8BD7F670-ACEA-45E8-8C47-E62B209393EE} = {86F0B24C-9776-4B0F-A1B7-9DE878839DC9}
		{23083254-F170-4DAE-9E86-86DE1CAD0A72} = {8BD7F670-ACEA-45E8-8C47-E62B209393EE}
		{BF14244E-4EFF-4988-9424-878A37F8D918} = {23083254-F170-4DAE-9E86-86DE1CAD0A72}
		{76F24438-FDE0-45E2-B66E-6DD0F3D6C531} = {8BD7F670-ACEA-45E8-8C47-E62B209393EE}
		{E1BAD2C8-0395-4491-9058-0FC157866641} = {76F24438-FDE0-45E2-B66E-6DD0F3D6C531}
		{BBD6E774-3BBF-4EDE-8F5A-0ADE2946AC36} = {86F0B24C-9776-4B0F-A1B7-9DE878839DC9}
		{C1C660DA-A36F-4601-85B1-5542A83BD307} = {BBD6E774-3BBF-4EDE-8F5A-0ADE2946AC36}
		{3D4ED5C7-4C10-464D-98B8-B8E5E0FEDC20} = {C1C660DA-A36F-4601-85B1-5542A83BD307}
	EndGlobalSection
	GlobalSection(ExtensibilityGlobals) = postSolution
		SolutionGuid = {4CE47711-CCDA-4031-8547-4280B207F242}
	EndGlobalSection
EndGlobal
