
Microsoft Visual Studio Solution File, Format Version 12.00
# Visual Studio Version 17
VisualStudioVersion = 17.7.34003.232
MinimumVisualStudioVersion = 10.0.40219.1
Project("{2150E333-8FDC-42A3-9474-1A3956D46DE8}") = "SingleResponsibilityPrinciple", "SingleResponsibilityPrinciple", "{722BEF05-4C81-4989-9754-87E545671F24}"
EndProject
Project("{9A19103F-16F7-4668-BE54-9A1E7A4F7556}") = "SRP_Demo_IamTimCorey", "SRP_Demo_IamTimCorey\SRP_Demo_IamTimCorey.csproj", "{8724D2DB-734D-4093-B8A8-31974C4107E3}"
EndProject
Project("{9A19103F-16F7-4668-BE54-9A1E7A4F7556}") = "OCP_Demo_IamTimCorey", "OCP_Demo_IamTimCorey\OCP_Demo_IamTimCorey.csproj", "{AC15B82B-F92B-4016-B69F-ABB5CD0ABFF1}"
EndProject
Project("{9A19103F-16F7-4668-BE54-9A1E7A4F7556}") = "OCP_ClassLibrary_IamTimCorey", "OCP_ClassLibrary_IamTimCorey\OCP_ClassLibrary_IamTimCorey.csproj", "{5BAF6427-5EB0-4430-AD26-B57CBD059585}"
EndProject
Project("{2150E333-8FDC-42A3-9474-1A3956D46DE8}") = "OpenClosedPrinciple", "OpenClosedPrinciple", "{217E2341-9D1E-43CD-8847-3970E5EEBAF3}"
EndProject
Project("{2150E333-8FDC-42A3-9474-1A3956D46DE8}") = "LiskovSubtitutionPrinciple", "LiskovSubtitutionPrinciple", "{1073E03B-456D-4EC3-AAE3-CC6941C1FA60}"
EndProject
Project("{9A19103F-16F7-4668-BE54-9A1E7A4F7556}") = "LSP_Demo_IamTimCorey", "LSP_Demo_IamTimCorey\LSP_Demo_IamTimCorey.csproj", "{E053B4D9-FD9D-40CA-8810-F3A8B2494E6F}"
EndProject
Project("{9A19103F-16F7-4668-BE54-9A1E7A4F7556}") = "LSP_ClassLibrary_IamTimCorey", "LSP_ClassLibrary_IamTimCorey\LSP_ClassLibrary_IamTimCorey.csproj", "{A94A1F9C-530D-47FD-827C-B10C30E63562}"
EndProject
Project("{2150E333-8FDC-42A3-9474-1A3956D46DE8}") = "SingletonDesignPattern", "SingletonDesignPattern", "{F7B42156-8961-4C45-8B0A-FA07A6E54803}"
EndProject
Project("{2150E333-8FDC-42A3-9474-1A3956D46DE8}") = "SDPbyCSharpCorner", "SDPbyCSharpCorner", "{4401B598-88E4-40C2-B607-BD8CD27FBC75}"
EndProject
Project("{9A19103F-16F7-4668-BE54-9A1E7A4F7556}") = "SDPbyCSharpCorner", "SDPbyCSharpCorner\SDPbyCSharpCorner.csproj", "{8F2F77EA-CF24-44C3-926B-77B32543F403}"
EndProject
Project("{2150E333-8FDC-42A3-9474-1A3956D46DE8}") = "SRPbyIamTimCorey", "SRPbyIamTimCorey", "{059B23CF-455A-47A9-B895-693DB70A3706}"
EndProject
Project("{2150E333-8FDC-42A3-9474-1A3956D46DE8}") = "OCPbyIamTimCorey", "OCPbyIamTimCorey", "{E9DEFFC0-1CC5-4F9F-A856-9F07F1F68572}"
EndProject
Project("{2150E333-8FDC-42A3-9474-1A3956D46DE8}") = "LSPbyIamTimCorey", "LSPbyIamTimCorey", "{5C7CD42E-3DEB-4536-981D-EC1BC43C48C9}"
EndProject
Project("{2150E333-8FDC-42A3-9474-1A3956D46DE8}") = "DesignPattern", "DesignPattern", "{7AC658A1-0BEE-44F9-B42E-A66F8FB73F97}"
EndProject
Project("{2150E333-8FDC-42A3-9474-1A3956D46DE8}") = "DesignPrinciple", "DesignPrinciple", "{43F8C9F6-A007-4A2F-BD8F-F678A9F239A7}"
EndProject
Global
	GlobalSection(SolutionConfigurationPlatforms) = preSolution
		Debug|Any CPU = Debug|Any CPU
		Release|Any CPU = Release|Any CPU
	EndGlobalSection
	GlobalSection(ProjectConfigurationPlatforms) = postSolution
		{8724D2DB-734D-4093-B8A8-31974C4107E3}.Debug|Any CPU.ActiveCfg = Debug|Any CPU
		{8724D2DB-734D-4093-B8A8-31974C4107E3}.Debug|Any CPU.Build.0 = Debug|Any CPU
		{8724D2DB-734D-4093-B8A8-31974C4107E3}.Release|Any CPU.ActiveCfg = Release|Any CPU
		{8724D2DB-734D-4093-B8A8-31974C4107E3}.Release|Any CPU.Build.0 = Release|Any CPU
		{AC15B82B-F92B-4016-B69F-ABB5CD0ABFF1}.Debug|Any CPU.ActiveCfg = Debug|Any CPU
		{AC15B82B-F92B-4016-B69F-ABB5CD0ABFF1}.Debug|Any CPU.Build.0 = Debug|Any CPU
		{AC15B82B-F92B-4016-B69F-ABB5CD0ABFF1}.Release|Any CPU.ActiveCfg = Release|Any CPU
		{AC15B82B-F92B-4016-B69F-ABB5CD0ABFF1}.Release|Any CPU.Build.0 = Release|Any CPU
		{5BAF6427-5EB0-4430-AD26-B57CBD059585}.Debug|Any CPU.ActiveCfg = Debug|Any CPU
		{5BAF6427-5EB0-4430-AD26-B57CBD059585}.Debug|Any CPU.Build.0 = Debug|Any CPU
		{5BAF6427-5EB0-4430-AD26-B57CBD059585}.Release|Any CPU.ActiveCfg = Release|Any CPU
		{5BAF6427-5EB0-4430-AD26-B57CBD059585}.Release|Any CPU.Build.0 = Release|Any CPU
		{E053B4D9-FD9D-40CA-8810-F3A8B2494E6F}.Debug|Any CPU.ActiveCfg = Debug|Any CPU
		{E053B4D9-FD9D-40CA-8810-F3A8B2494E6F}.Debug|Any CPU.Build.0 = Debug|Any CPU
		{E053B4D9-FD9D-40CA-8810-F3A8B2494E6F}.Release|Any CPU.ActiveCfg = Release|Any CPU
		{E053B4D9-FD9D-40CA-8810-F3A8B2494E6F}.Release|Any CPU.Build.0 = Release|Any CPU
		{A94A1F9C-530D-47FD-827C-B10C30E63562}.Debug|Any CPU.ActiveCfg = Debug|Any CPU
		{A94A1F9C-530D-47FD-827C-B10C30E63562}.Debug|Any CPU.Build.0 = Debug|Any CPU
		{A94A1F9C-530D-47FD-827C-B10C30E63562}.Release|Any CPU.ActiveCfg = Release|Any CPU
		{A94A1F9C-530D-47FD-827C-B10C30E63562}.Release|Any CPU.Build.0 = Release|Any CPU
		{8F2F77EA-CF24-44C3-926B-77B32543F403}.Debug|Any CPU.ActiveCfg = Debug|Any CPU
		{8F2F77EA-CF24-44C3-926B-77B32543F403}.Debug|Any CPU.Build.0 = Debug|Any CPU
		{8F2F77EA-CF24-44C3-926B-77B32543F403}.Release|Any CPU.ActiveCfg = Release|Any CPU
		{8F2F77EA-CF24-44C3-926B-77B32543F403}.Release|Any CPU.Build.0 = Release|Any CPU
	EndGlobalSection
	GlobalSection(SolutionProperties) = preSolution
		HideSolutionNode = FALSE
	EndGlobalSection
	GlobalSection(NestedProjects) = preSolution
		{722BEF05-4C81-4989-9754-87E545671F24} = {43F8C9F6-A007-4A2F-BD8F-F678A9F239A7}
		{8724D2DB-734D-4093-B8A8-31974C4107E3} = {059B23CF-455A-47A9-B895-693DB70A3706}
		{AC15B82B-F92B-4016-B69F-ABB5CD0ABFF1} = {E9DEFFC0-1CC5-4F9F-A856-9F07F1F68572}
		{5BAF6427-5EB0-4430-AD26-B57CBD059585} = {E9DEFFC0-1CC5-4F9F-A856-9F07F1F68572}
		{217E2341-9D1E-43CD-8847-3970E5EEBAF3} = {43F8C9F6-A007-4A2F-BD8F-F678A9F239A7}
		{1073E03B-456D-4EC3-AAE3-CC6941C1FA60} = {43F8C9F6-A007-4A2F-BD8F-F678A9F239A7}
		{E053B4D9-FD9D-40CA-8810-F3A8B2494E6F} = {5C7CD42E-3DEB-4536-981D-EC1BC43C48C9}
		{A94A1F9C-530D-47FD-827C-B10C30E63562} = {5C7CD42E-3DEB-4536-981D-EC1BC43C48C9}
		{F7B42156-8961-4C45-8B0A-FA07A6E54803} = {7AC658A1-0BEE-44F9-B42E-A66F8FB73F97}
		{4401B598-88E4-40C2-B607-BD8CD27FBC75} = {F7B42156-8961-4C45-8B0A-FA07A6E54803}
		{8F2F77EA-CF24-44C3-926B-77B32543F403} = {4401B598-88E4-40C2-B607-BD8CD27FBC75}
		{059B23CF-455A-47A9-B895-693DB70A3706} = {722BEF05-4C81-4989-9754-87E545671F24}
		{E9DEFFC0-1CC5-4F9F-A856-9F07F1F68572} = {217E2341-9D1E-43CD-8847-3970E5EEBAF3}
		{5C7CD42E-3DEB-4536-981D-EC1BC43C48C9} = {1073E03B-456D-4EC3-AAE3-CC6941C1FA60}
	EndGlobalSection
	GlobalSection(ExtensibilityGlobals) = postSolution
		SolutionGuid = {4CE47711-CCDA-4031-8547-4280B207F242}
	EndGlobalSection
EndGlobal
