
Microsoft Visual Studio Solution File, Format Version 12.00
# Visual Studio Version 17
VisualStudioVersion = 17.7.34003.232
MinimumVisualStudioVersion = 10.0.40219.1
Project("{2150E333-8FDC-42A3-9474-1A3956D46DE8}") = "SingleResponsibilityPrinciple", "SingleResponsibilityPrinciple", "{722BEF05-4C81-4989-9754-87E545671F24}"
EndProject
Project("{FAE04EC0-301F-11D3-BF4B-00C04F79EFBC}") = "SRP_Demo_IamTimCorey", "SRP_Demo_IamTimCorey\SRP_Demo_IamTimCorey.csproj", "{8724D2DB-734D-4093-B8A8-31974C4107E3}"
EndProject
Global
	GlobalSection(SolutionConfigurationPlatforms) = preSolution
		Debug|Any CPU = Debug|Any CPU
		Release|Any CPU = Release|Any CPU
	EndGlobalSection
	GlobalSection(ProjectConfigurationPlatforms) = postSolution
		{8724D2DB-734D-4093-B8A8-31974C4107E3}.Debug|Any CPU.ActiveCfg = Debug|Any CPU
		{8724D2DB-734D-4093-B8A8-31974C4107E3}.Debug|Any CPU.Build.0 = Debug|Any CPU
		{8724D2DB-734D-4093-B8A8-31974C4107E3}.Release|Any CPU.ActiveCfg = Release|Any CPU
		{8724D2DB-734D-4093-B8A8-31974C4107E3}.Release|Any CPU.Build.0 = Release|Any CPU
	EndGlobalSection
	GlobalSection(SolutionProperties) = preSolution
		HideSolutionNode = FALSE
	EndGlobalSection
	GlobalSection(NestedProjects) = preSolution
		{8724D2DB-734D-4093-B8A8-31974C4107E3} = {722BEF05-4C81-4989-9754-87E545671F24}
	EndGlobalSection
	GlobalSection(ExtensibilityGlobals) = postSolution
		SolutionGuid = {4CE47711-CCDA-4031-8547-4280B207F242}
	EndGlobalSection
EndGlobal
